
Microsoft Visual Studio Solution File, Format Version 12.00
# Visual Studio Version 17
VisualStudioVersion = 17.3.32811.315
MinimumVisualStudioVersion = 10.0.40219.1
Project("{FAE04EC0-301F-11D3-BF4B-00C04F79EFBC}") = "begin", "begin\begin.csproj", "{BB30E20D-225B-4124-8364-9D30B238C287}"
EndProject
Global
	GlobalSection(SolutionConfigurationPlatforms) = preSolution
		Debug|Any CPU = Debug|Any CPU
		Release|Any CPU = Release|Any CPU
	EndGlobalSection
	GlobalSection(ProjectConfigurationPlatforms) = postSolution
		{BB30E20D-225B-4124-8364-9D30B238C287}.Debug|Any CPU.ActiveCfg = Debug|Any CPU
		{BB30E20D-225B-4124-8364-9D30B238C287}.Debug|Any CPU.Build.0 = Debug|Any CPU
		{BB30E20D-225B-4124-8364-9D30B238C287}.Release|Any CPU.ActiveCfg = Release|Any CPU
		{BB30E20D-225B-4124-8364-9D30B238C287}.Release|Any CPU.Build.0 = Release|Any CPU
	EndGlobalSection
	GlobalSection(SolutionProperties) = preSolution
		HideSolutionNode = FALSE
	EndGlobalSection
	GlobalSection(ExtensibilityGlobals) = postSolution
		SolutionGuid = {A790814E-5C9C-46CD-8FE4-E9D785C3E21B}
	EndGlobalSection
EndGlobal
